// !$*UTF8*$!
{
	archiveVersion = 1;
	classes = {
	};
	objectVersion = 77;
	objects = {

/* Begin PBXBuildFile section */
		BBB337282E1D683700A0E0F0 /* Live Target Watch App Watch App.app in Embed Watch Content */ = {isa = PBXBuildFile; fileRef = BBB337082E1D683500A0E0F0 /* Live Target Watch App Watch App.app */; settings = {ATTRIBUTES = (RemoveHeadersOnCopy, ); }; };
/* End PBXBuildFile section */

/* Begin PBXContainerItemProxy section */
		BB0E92E72E1C158E00606FAC /* PBXContainerItemProxy */ = {
			isa = PBXContainerItemProxy;
			containerPortal = BB0E92CF2E1C158C00606FAC /* Project object */;
			proxyType = 1;
			remoteGlobalIDString = BB0E92D62E1C158C00606FAC;
			remoteInfo = "Live Target";
		};
		BB0E92F12E1C158E00606FAC /* PBXContainerItemProxy */ = {
			isa = PBXContainerItemProxy;
			containerPortal = BB0E92CF2E1C158C00606FAC /* Project object */;
			proxyType = 1;
			remoteGlobalIDString = BB0E92D62E1C158C00606FAC;
			remoteInfo = "Live Target";
		};
		BBB337152E1D683700A0E0F0 /* PBXContainerItemProxy */ = {
			isa = PBXContainerItemProxy;
			containerPortal = BB0E92CF2E1C158C00606FAC /* Project object */;
			proxyType = 1;
			remoteGlobalIDString = BBB337072E1D683500A0E0F0;
			remoteInfo = "Live Target Watch App Watch App";
		};
		BBB3371F2E1D683700A0E0F0 /* PBXContainerItemProxy */ = {
			isa = PBXContainerItemProxy;
			containerPortal = BB0E92CF2E1C158C00606FAC /* Project object */;
			proxyType = 1;
			remoteGlobalIDString = BBB337072E1D683500A0E0F0;
			remoteInfo = "Live Target Watch App Watch App";
		};
		BBB337262E1D683700A0E0F0 /* PBXContainerItemProxy */ = {
			isa = PBXContainerItemProxy;
			containerPortal = BB0E92CF2E1C158C00606FAC /* Project object */;
			proxyType = 1;
			remoteGlobalIDString = BBB337072E1D683500A0E0F0;
			remoteInfo = "Live Target Watch App Watch App";
		};
/* End PBXContainerItemProxy section */

/* Begin PBXCopyFilesBuildPhase section */
		BBB3372C2E1D683700A0E0F0 /* Embed Watch Content */ = {
			isa = PBXCopyFilesBuildPhase;
			buildActionMask = 2147483647;
			dstPath = "$(CONTENTS_FOLDER_PATH)/Watch";
			dstSubfolderSpec = 16;
			files = (
				BBB337282E1D683700A0E0F0 /* Live Target Watch App Watch App.app in Embed Watch Content */,
			);
			name = "Embed Watch Content";
			runOnlyForDeploymentPostprocessing = 0;
		};
/* End PBXCopyFilesBuildPhase section */

/* Begin PBXFileReference section */
		BB0E92D72E1C158C00606FAC /* Live Target.app */ = {isa = PBXFileReference; explicitFileType = wrapper.application; includeInIndex = 0; path = "Live Target.app"; sourceTree = BUILT_PRODUCTS_DIR; };
		BB0E92E62E1C158E00606FAC /* Live TargetTests.xctest */ = {isa = PBXFileReference; explicitFileType = wrapper.cfbundle; includeInIndex = 0; path = "Live TargetTests.xctest"; sourceTree = BUILT_PRODUCTS_DIR; };
		BB0E92F02E1C158E00606FAC /* Live TargetUITests.xctest */ = {isa = PBXFileReference; explicitFileType = wrapper.cfbundle; includeInIndex = 0; path = "Live TargetUITests.xctest"; sourceTree = BUILT_PRODUCTS_DIR; };
		BBB337082E1D683500A0E0F0 /* Live Target Watch App Watch App.app */ = {isa = PBXFileReference; explicitFileType = wrapper.application; includeInIndex = 0; path = "Live Target Watch App Watch App.app"; sourceTree = BUILT_PRODUCTS_DIR; };
		BBB337142E1D683700A0E0F0 /* Live Target Watch App Watch AppTests.xctest */ = {isa = PBXFileReference; explicitFileType = wrapper.cfbundle; includeInIndex = 0; path = "Live Target Watch App Watch AppTests.xctest"; sourceTree = BUILT_PRODUCTS_DIR; };
		BBB3371E2E1D683700A0E0F0 /* Live Target Watch App Watch AppUITests.xctest */ = {isa = PBXFileReference; explicitFileType = wrapper.cfbundle; includeInIndex = 0; path = "Live Target Watch App Watch AppUITests.xctest"; sourceTree = BUILT_PRODUCTS_DIR; };
/* End PBXFileReference section */

/* Begin PBXFileSystemSynchronizedRootGroup section */
		BB0E92D92E1C158C00606FAC /* Live Target */ = {
			isa = PBXFileSystemSynchronizedRootGroup;
			path = "Live Target";
			sourceTree = "<group>";
		};
		BB0E92E92E1C158E00606FAC /* Live TargetTests */ = {
			isa = PBXFileSystemSynchronizedRootGroup;
			path = "Live TargetTests";
			sourceTree = "<group>";
		};
		BB0E92F32E1C158E00606FAC /* Live TargetUITests */ = {
			isa = PBXFileSystemSynchronizedRootGroup;
			path = "Live TargetUITests";
			sourceTree = "<group>";
		};
		BBB337092E1D683500A0E0F0 /* Live Target Watch App Watch App */ = {
			isa = PBXFileSystemSynchronizedRootGroup;
			path = "Live Target Watch App Watch App";
			sourceTree = "<group>";
		};
		BBB337172E1D683700A0E0F0 /* Live Target Watch App Watch AppTests */ = {
			isa = PBXFileSystemSynchronizedRootGroup;
			path = "Live Target Watch App Watch AppTests";
			sourceTree = "<group>";
		};
		BBB337212E1D683700A0E0F0 /* Live Target Watch App Watch AppUITests */ = {
			isa = PBXFileSystemSynchronizedRootGroup;
			path = "Live Target Watch App Watch AppUITests";
			sourceTree = "<group>";
		};
/* End PBXFileSystemSynchronizedRootGroup section */

/* Begin PBXFrameworksBuildPhase section */
		BB0E92D42E1C158C00606FAC /* Frameworks */ = {
			isa = PBXFrameworksBuildPhase;
			buildActionMask = 2147483647;
			files = (
			);
			runOnlyForDeploymentPostprocessing = 0;
		};
		BB0E92E32E1C158E00606FAC /* Frameworks */ = {
			isa = PBXFrameworksBuildPhase;
			buildActionMask = 2147483647;
			files = (
			);
			runOnlyForDeploymentPostprocessing = 0;
		};
		BB0E92ED2E1C158E00606FAC /* Frameworks */ = {
			isa = PBXFrameworksBuildPhase;
			buildActionMask = 2147483647;
			files = (
			);
			runOnlyForDeploymentPostprocessing = 0;
		};
		BBB337052E1D683500A0E0F0 /* Frameworks */ = {
			isa = PBXFrameworksBuildPhase;
			buildActionMask = 2147483647;
			files = (
			);
			runOnlyForDeploymentPostprocessing = 0;
		};
		BBB337112E1D683700A0E0F0 /* Frameworks */ = {
			isa = PBXFrameworksBuildPhase;
			buildActionMask = 2147483647;
			files = (
			);
			runOnlyForDeploymentPostprocessing = 0;
		};
		BBB3371B2E1D683700A0E0F0 /* Frameworks */ = {
			isa = PBXFrameworksBuildPhase;
			buildActionMask = 2147483647;
			files = (
			);
			runOnlyForDeploymentPostprocessing = 0;
		};
/* End PBXFrameworksBuildPhase section */

/* Begin PBXGroup section */
		BB0E92CE2E1C158C00606FAC = {
			isa = PBXGroup;
			children = (
				BB0E92D92E1C158C00606FAC /* Live Target */,
				BB0E92E92E1C158E00606FAC /* Live TargetTests */,
				BB0E92F32E1C158E00606FAC /* Live TargetUITests */,
				BBB337092E1D683500A0E0F0 /* Live Target Watch App Watch App */,
				BBB337172E1D683700A0E0F0 /* Live Target Watch App Watch AppTests */,
				BBB337212E1D683700A0E0F0 /* Live Target Watch App Watch AppUITests */,
				BB0E92D82E1C158C00606FAC /* Products */,
			);
			sourceTree = "<group>";
		};
		BB0E92D82E1C158C00606FAC /* Products */ = {
			isa = PBXGroup;
			children = (
				BB0E92D72E1C158C00606FAC /* Live Target.app */,
				BB0E92E62E1C158E00606FAC /* Live TargetTests.xctest */,
				BB0E92F02E1C158E00606FAC /* Live TargetUITests.xctest */,
				BBB337082E1D683500A0E0F0 /* Live Target Watch App Watch App.app */,
				BBB337142E1D683700A0E0F0 /* Live Target Watch App Watch AppTests.xctest */,
				BBB3371E2E1D683700A0E0F0 /* Live Target Watch App Watch AppUITests.xctest */,
			);
			name = Products;
			sourceTree = "<group>";
		};
/* End PBXGroup section */

/* Begin PBXNativeTarget section */
		BB0E92D62E1C158C00606FAC /* Live Target */ = {
			isa = PBXNativeTarget;
			buildConfigurationList = BB0E92FA2E1C158E00606FAC /* Build configuration list for PBXNativeTarget "Live Target" */;
			buildPhases = (
				BB0E92D32E1C158C00606FAC /* Sources */,
				BB0E92D42E1C158C00606FAC /* Frameworks */,
				BB0E92D52E1C158C00606FAC /* Resources */,
				BBB3372C2E1D683700A0E0F0 /* Embed Watch Content */,
			);
			buildRules = (
			);
			dependencies = (
				BBB337272E1D683700A0E0F0 /* PBXTargetDependency */,
			);
			fileSystemSynchronizedGroups = (
				BB0E92D92E1C158C00606FAC /* Live Target */,
			);
			name = "Live Target";
			packageProductDependencies = (
			);
			productName = "Live Target";
			productReference = BB0E92D72E1C158C00606FAC /* Live Target.app */;
			productType = "com.apple.product-type.application";
		};
		BB0E92E52E1C158E00606FAC /* Live TargetTests */ = {
			isa = PBXNativeTarget;
			buildConfigurationList = BB0E92FD2E1C158E00606FAC /* Build configuration list for PBXNativeTarget "Live TargetTests" */;
			buildPhases = (
				BB0E92E22E1C158E00606FAC /* Sources */,
				BB0E92E32E1C158E00606FAC /* Frameworks */,
				BB0E92E42E1C158E00606FAC /* Resources */,
			);
			buildRules = (
			);
			dependencies = (
				BB0E92E82E1C158E00606FAC /* PBXTargetDependency */,
			);
			fileSystemSynchronizedGroups = (
				BB0E92E92E1C158E00606FAC /* Live TargetTests */,
			);
			name = "Live TargetTests";
			packageProductDependencies = (
			);
			productName = "Live TargetTests";
			productReference = BB0E92E62E1C158E00606FAC /* Live TargetTests.xctest */;
			productType = "com.apple.product-type.bundle.unit-test";
		};
		BB0E92EF2E1C158E00606FAC /* Live TargetUITests */ = {
			isa = PBXNativeTarget;
			buildConfigurationList = BB0E93002E1C158E00606FAC /* Build configuration list for PBXNativeTarget "Live TargetUITests" */;
			buildPhases = (
				BB0E92EC2E1C158E00606FAC /* Sources */,
				BB0E92ED2E1C158E00606FAC /* Frameworks */,
				BB0E92EE2E1C158E00606FAC /* Resources */,
			);
			buildRules = (
			);
			dependencies = (
				BB0E92F22E1C158E00606FAC /* PBXTargetDependency */,
			);
			fileSystemSynchronizedGroups = (
				BB0E92F32E1C158E00606FAC /* Live TargetUITests */,
			);
			name = "Live TargetUITests";
			packageProductDependencies = (
			);
			productName = "Live TargetUITests";
			productReference = BB0E92F02E1C158E00606FAC /* Live TargetUITests.xctest */;
			productType = "com.apple.product-type.bundle.ui-testing";
		};
		BBB337072E1D683500A0E0F0 /* Live Target Watch App Watch App */ = {
			isa = PBXNativeTarget;
			buildConfigurationList = BBB337292E1D683700A0E0F0 /* Build configuration list for PBXNativeTarget "Live Target Watch App Watch App" */;
			buildPhases = (
				BBB337042E1D683500A0E0F0 /* Sources */,
				BBB337052E1D683500A0E0F0 /* Frameworks */,
				BBB337062E1D683500A0E0F0 /* Resources */,
			);
			buildRules = (
			);
			dependencies = (
			);
			fileSystemSynchronizedGroups = (
				BBB337092E1D683500A0E0F0 /* Live Target Watch App Watch App */,
			);
			name = "Live Target Watch App Watch App";
			packageProductDependencies = (
			);
			productName = "Live Target Watch App Watch App";
			productReference = BBB337082E1D683500A0E0F0 /* Live Target Watch App Watch App.app */;
			productType = "com.apple.product-type.application";
		};
		BBB337132E1D683700A0E0F0 /* Live Target Watch App Watch AppTests */ = {
			isa = PBXNativeTarget;
			buildConfigurationList = BBB3372D2E1D683700A0E0F0 /* Build configuration list for PBXNativeTarget "Live Target Watch App Watch AppTests" */;
			buildPhases = (
				BBB337102E1D683700A0E0F0 /* Sources */,
				BBB337112E1D683700A0E0F0 /* Frameworks */,
				BBB337122E1D683700A0E0F0 /* Resources */,
			);
			buildRules = (
			);
			dependencies = (
				BBB337162E1D683700A0E0F0 /* PBXTargetDependency */,
			);
			fileSystemSynchronizedGroups = (
				BBB337172E1D683700A0E0F0 /* Live Target Watch App Watch AppTests */,
			);
			name = "Live Target Watch App Watch AppTests";
			packageProductDependencies = (
			);
			productName = "Live Target Watch App Watch AppTests";
			productReference = BBB337142E1D683700A0E0F0 /* Live Target Watch App Watch AppTests.xctest */;
			productType = "com.apple.product-type.bundle.unit-test";
		};
		BBB3371D2E1D683700A0E0F0 /* Live Target Watch App Watch AppUITests */ = {
			isa = PBXNativeTarget;
			buildConfigurationList = BBB337302E1D683700A0E0F0 /* Build configuration list for PBXNativeTarget "Live Target Watch App Watch AppUITests" */;
			buildPhases = (
				BBB3371A2E1D683700A0E0F0 /* Sources */,
				BBB3371B2E1D683700A0E0F0 /* Frameworks */,
				BBB3371C2E1D683700A0E0F0 /* Resources */,
			);
			buildRules = (
			);
			dependencies = (
				BBB337202E1D683700A0E0F0 /* PBXTargetDependency */,
			);
			fileSystemSynchronizedGroups = (
				BBB337212E1D683700A0E0F0 /* Live Target Watch App Watch AppUITests */,
			);
			name = "Live Target Watch App Watch AppUITests";
			packageProductDependencies = (
			);
			productName = "Live Target Watch App Watch AppUITests";
			productReference = BBB3371E2E1D683700A0E0F0 /* Live Target Watch App Watch AppUITests.xctest */;
			productType = "com.apple.product-type.bundle.ui-testing";
		};
/* End PBXNativeTarget section */

/* Begin PBXProject section */
		BB0E92CF2E1C158C00606FAC /* Project object */ = {
			isa = PBXProject;
			attributes = {
				BuildIndependentTargetsInParallel = 1;
				LastSwiftUpdateCheck = 1640;
				LastUpgradeCheck = 1640;
				TargetAttributes = {
					BB0E92D62E1C158C00606FAC = {
						CreatedOnToolsVersion = 16.4;
					};
					BB0E92E52E1C158E00606FAC = {
						CreatedOnToolsVersion = 16.4;
						TestTargetID = BB0E92D62E1C158C00606FAC;
					};
					BB0E92EF2E1C158E00606FAC = {
						CreatedOnToolsVersion = 16.4;
						TestTargetID = BB0E92D62E1C158C00606FAC;
					};
					BBB337072E1D683500A0E0F0 = {
						CreatedOnToolsVersion = 16.4;
					};
					BBB337132E1D683700A0E0F0 = {
						CreatedOnToolsVersion = 16.4;
						TestTargetID = BBB337072E1D683500A0E0F0;
					};
					BBB3371D2E1D683700A0E0F0 = {
						CreatedOnToolsVersion = 16.4;
						TestTargetID = BBB337072E1D683500A0E0F0;
					};
				};
			};
			buildConfigurationList = BB0E92D22E1C158C00606FAC /* Build configuration list for PBXProject "Live Target" */;
			developmentRegion = en;
			hasScannedForEncodings = 0;
			knownRegions = (
				en,
				Base,
			);
			mainGroup = BB0E92CE2E1C158C00606FAC;
			minimizedProjectReferenceProxies = 1;
			preferredProjectObjectVersion = 77;
			productRefGroup = BB0E92D82E1C158C00606FAC /* Products */;
			projectDirPath = "";
			projectRoot = "";
			targets = (
				BB0E92D62E1C158C00606FAC /* Live Target */,
				BB0E92E52E1C158E00606FAC /* Live TargetTests */,
				BB0E92EF2E1C158E00606FAC /* Live TargetUITests */,
				BBB337072E1D683500A0E0F0 /* Live Target Watch App Watch App */,
				BBB337132E1D683700A0E0F0 /* Live Target Watch App Watch AppTests */,
				BBB3371D2E1D683700A0E0F0 /* Live Target Watch App Watch AppUITests */,
			);
		};
/* End PBXProject section */

/* Begin PBXResourcesBuildPhase section */
		BB0E92D52E1C158C00606FAC /* Resources */ = {
			isa = PBXResourcesBuildPhase;
			buildActionMask = 2147483647;
			files = (
			);
			runOnlyForDeploymentPostprocessing = 0;
		};
		BB0E92E42E1C158E00606FAC /* Resources */ = {
			isa = PBXResourcesBuildPhase;
			buildActionMask = 2147483647;
			files = (
			);
			runOnlyForDeploymentPostprocessing = 0;
		};
		BB0E92EE2E1C158E00606FAC /* Resources */ = {
			isa = PBXResourcesBuildPhase;
			buildActionMask = 2147483647;
			files = (
			);
			runOnlyForDeploymentPostprocessing = 0;
		};
		BBB337062E1D683500A0E0F0 /* Resources */ = {
			isa = PBXResourcesBuildPhase;
			buildActionMask = 2147483647;
			files = (
			);
			runOnlyForDeploymentPostprocessing = 0;
		};
		BBB337122E1D683700A0E0F0 /* Resources */ = {
			isa = PBXResourcesBuildPhase;
			buildActionMask = 2147483647;
			files = (
			);
			runOnlyForDeploymentPostprocessing = 0;
		};
		BBB3371C2E1D683700A0E0F0 /* Resources */ = {
			isa = PBXResourcesBuildPhase;
			buildActionMask = 2147483647;
			files = (
			);
			runOnlyForDeploymentPostprocessing = 0;
		};
/* End PBXResourcesBuildPhase section */

/* Begin PBXSourcesBuildPhase section */
		BB0E92D32E1C158C00606FAC /* Sources */ = {
			isa = PBXSourcesBuildPhase;
			buildActionMask = 2147483647;
			files = (
			);
			runOnlyForDeploymentPostprocessing = 0;
		};
		BB0E92E22E1C158E00606FAC /* Sources */ = {
			isa = PBXSourcesBuildPhase;
			buildActionMask = 2147483647;
			files = (
			);
			runOnlyForDeploymentPostprocessing = 0;
		};
		BB0E92EC2E1C158E00606FAC /* Sources */ = {
			isa = PBXSourcesBuildPhase;
			buildActionMask = 2147483647;
			files = (
			);
			runOnlyForDeploymentPostprocessing = 0;
		};
		BBB337042E1D683500A0E0F0 /* Sources */ = {
			isa = PBXSourcesBuildPhase;
			buildActionMask = 2147483647;
			files = (
			);
			runOnlyForDeploymentPostprocessing = 0;
		};
		BBB337102E1D683700A0E0F0 /* Sources */ = {
			isa = PBXSourcesBuildPhase;
			buildActionMask = 2147483647;
			files = (
			);
			runOnlyForDeploymentPostprocessing = 0;
		};
		BBB3371A2E1D683700A0E0F0 /* Sources */ = {
			isa = PBXSourcesBuildPhase;
			buildActionMask = 2147483647;
			files = (
			);
			runOnlyForDeploymentPostprocessing = 0;
		};
/* End PBXSourcesBuildPhase section */

/* Begin PBXTargetDependency section */
		BB0E92E82E1C158E00606FAC /* PBXTargetDependency */ = {
			isa = PBXTargetDependency;
			target = BB0E92D62E1C158C00606FAC /* Live Target */;
			targetProxy = BB0E92E72E1C158E00606FAC /* PBXContainerItemProxy */;
		};
		BB0E92F22E1C158E00606FAC /* PBXTargetDependency */ = {
			isa = PBXTargetDependency;
			target = BB0E92D62E1C158C00606FAC /* Live Target */;
			targetProxy = BB0E92F12E1C158E00606FAC /* PBXContainerItemProxy */;
		};
		BBB337162E1D683700A0E0F0 /* PBXTargetDependency */ = {
			isa = PBXTargetDependency;
			target = BBB337072E1D683500A0E0F0 /* Live Target Watch App Watch App */;
			targetProxy = BBB337152E1D683700A0E0F0 /* PBXContainerItemProxy */;
		};
		BBB337202E1D683700A0E0F0 /* PBXTargetDependency */ = {
			isa = PBXTargetDependency;
			target = BBB337072E1D683500A0E0F0 /* Live Target Watch App Watch App */;
			targetProxy = BBB3371F2E1D683700A0E0F0 /* PBXContainerItemProxy */;
		};
		BBB337272E1D683700A0E0F0 /* PBXTargetDependency */ = {
			isa = PBXTargetDependency;
			target = BBB337072E1D683500A0E0F0 /* Live Target Watch App Watch App */;
			targetProxy = BBB337262E1D683700A0E0F0 /* PBXContainerItemProxy */;
		};
/* End PBXTargetDependency section */

/* Begin XCBuildConfiguration section */
		BB0E92F82E1C158E00606FAC /* Debug */ = {
			isa = XCBuildConfiguration;
			buildSettings = {
				ALWAYS_SEARCH_USER_PATHS = NO;
				ASSETCATALOG_COMPILER_GENERATE_SWIFT_ASSET_SYMBOL_EXTENSIONS = YES;
				CLANG_ANALYZER_NONNULL = YES;
				CLANG_ANALYZER_NUMBER_OBJECT_CONVERSION = YES_AGGRESSIVE;
				CLANG_CXX_LANGUAGE_STANDARD = "gnu++20";
				CLANG_ENABLE_MODULES = YES;
				CLANG_ENABLE_OBJC_ARC = YES;
				CLANG_ENABLE_OBJC_WEAK = YES;
				CLANG_WARN_BLOCK_CAPTURE_AUTORELEASING = YES;
				CLANG_WARN_BOOL_CONVERSION = YES;
				CLANG_WARN_COMMA = YES;
				CLANG_WARN_CONSTANT_CONVERSION = YES;
				CLANG_WARN_DEPRECATED_OBJC_IMPLEMENTATIONS = YES;
				CLANG_WARN_DIRECT_OBJC_ISA_USAGE = YES_ERROR;
				CLANG_WARN_DOCUMENTATION_COMMENTS = YES;
				CLANG_WARN_EMPTY_BODY = YES;
				CLANG_WARN_ENUM_CONVERSION = YES;
				CLANG_WARN_INFINITE_RECURSION = YES;
				CLANG_WARN_INT_CONVERSION = YES;
				CLANG_WARN_NON_LITERAL_NULL_CONVERSION = YES;
				CLANG_WARN_OBJC_IMPLICIT_RETAIN_SELF = YES;
				CLANG_WARN_OBJC_LITERAL_CONVERSION = YES;
				CLANG_WARN_OBJC_ROOT_CLASS = YES_ERROR;
				CLANG_WARN_QUOTED_INCLUDE_IN_FRAMEWORK_HEADER = YES;
				CLANG_WARN_RANGE_LOOP_ANALYSIS = YES;
				CLANG_WARN_STRICT_PROTOTYPES = YES;
				CLANG_WARN_SUSPICIOUS_MOVE = YES;
				CLANG_WARN_UNGUARDED_AVAILABILITY = YES_AGGRESSIVE;
				CLANG_WARN_UNREACHABLE_CODE = YES;
				CLANG_WARN__DUPLICATE_METHOD_MATCH = YES;
				COPY_PHASE_STRIP = NO;
				DEBUG_INFORMATION_FORMAT = dwarf;
				DEVELOPMENT_TEAM = Z65K66NG9F;
				ENABLE_STRICT_OBJC_MSGSEND = YES;
				ENABLE_TESTABILITY = YES;
				ENABLE_USER_SCRIPT_SANDBOXING = YES;
				GCC_C_LANGUAGE_STANDARD = gnu17;
				GCC_DYNAMIC_NO_PIC = NO;
				GCC_NO_COMMON_BLOCKS = YES;
				GCC_OPTIMIZATION_LEVEL = 0;
				GCC_PREPROCESSOR_DEFINITIONS = (
					"DEBUG=1",
					"$(inherited)",
				);
				GCC_WARN_64_TO_32_BIT_CONVERSION = YES;
				GCC_WARN_ABOUT_RETURN_TYPE = YES_ERROR;
				GCC_WARN_UNDECLARED_SELECTOR = YES;
				GCC_WARN_UNINITIALIZED_AUTOS = YES_AGGRESSIVE;
				GCC_WARN_UNUSED_FUNCTION = YES;
				GCC_WARN_UNUSED_VARIABLE = YES;
				IPHONEOS_DEPLOYMENT_TARGET = 18.5;
				LOCALIZATION_PREFERS_STRING_CATALOGS = YES;
				MTL_ENABLE_DEBUG_INFO = INCLUDE_SOURCE;
				MTL_FAST_MATH = YES;
				ONLY_ACTIVE_ARCH = YES;
				SDKROOT = iphoneos;
				SWIFT_ACTIVE_COMPILATION_CONDITIONS = "DEBUG $(inherited)";
				SWIFT_OPTIMIZATION_LEVEL = "-Onone";
			};
			name = Debug;
		};
		BB0E92F92E1C158E00606FAC /* Release */ = {
			isa = XCBuildConfiguration;
			buildSettings = {
				ALWAYS_SEARCH_USER_PATHS = NO;
				ASSETCATALOG_COMPILER_GENERATE_SWIFT_ASSET_SYMBOL_EXTENSIONS = YES;
				CLANG_ANALYZER_NONNULL = YES;
				CLANG_ANALYZER_NUMBER_OBJECT_CONVERSION = YES_AGGRESSIVE;
				CLANG_CXX_LANGUAGE_STANDARD = "gnu++20";
				CLANG_ENABLE_MODULES = YES;
				CLANG_ENABLE_OBJC_ARC = YES;
				CLANG_ENABLE_OBJC_WEAK = YES;
				CLANG_WARN_BLOCK_CAPTURE_AUTORELEASING = YES;
				CLANG_WARN_BOOL_CONVERSION = YES;
				CLANG_WARN_COMMA = YES;
				CLANG_WARN_CONSTANT_CONVERSION = YES;
				CLANG_WARN_DEPRECATED_OBJC_IMPLEMENTATIONS = YES;
				CLANG_WARN_DIRECT_OBJC_ISA_USAGE = YES_ERROR;
				CLANG_WARN_DOCUMENTATION_COMMENTS = YES;
				CLANG_WARN_EMPTY_BODY = YES;
				CLANG_WARN_ENUM_CONVERSION = YES;
				CLANG_WARN_INFINITE_RECURSION = YES;
				CLANG_WARN_INT_CONVERSION = YES;
				CLANG_WARN_NON_LITERAL_NULL_CONVERSION = YES;
				CLANG_WARN_OBJC_IMPLICIT_RETAIN_SELF = YES;
				CLANG_WARN_OBJC_LITERAL_CONVERSION = YES;
				CLANG_WARN_OBJC_ROOT_CLASS = YES_ERROR;
				CLANG_WARN_QUOTED_INCLUDE_IN_FRAMEWORK_HEADER = YES;
				CLANG_WARN_RANGE_LOOP_ANALYSIS = YES;
				CLANG_WARN_STRICT_PROTOTYPES = YES;
				CLANG_WARN_SUSPICIOUS_MOVE = YES;
				CLANG_WARN_UNGUARDED_AVAILABILITY = YES_AGGRESSIVE;
				CLANG_WARN_UNREACHABLE_CODE = YES;
				CLANG_WARN__DUPLICATE_METHOD_MATCH = YES;
				COPY_PHASE_STRIP = NO;
				DEBUG_INFORMATION_FORMAT = "dwarf-with-dsym";
				DEVELOPMENT_TEAM = Z65K66NG9F;
				ENABLE_NS_ASSERTIONS = NO;
				ENABLE_STRICT_OBJC_MSGSEND = YES;
				ENABLE_USER_SCRIPT_SANDBOXING = YES;
				GCC_C_LANGUAGE_STANDARD = gnu17;
				GCC_NO_COMMON_BLOCKS = YES;
				GCC_WARN_64_TO_32_BIT_CONVERSION = YES;
				GCC_WARN_ABOUT_RETURN_TYPE = YES_ERROR;
				GCC_WARN_UNDECLARED_SELECTOR = YES;
				GCC_WARN_UNINITIALIZED_AUTOS = YES_AGGRESSIVE;
				GCC_WARN_UNUSED_FUNCTION = YES;
				GCC_WARN_UNUSED_VARIABLE = YES;
				IPHONEOS_DEPLOYMENT_TARGET = 18.5;
				LOCALIZATION_PREFERS_STRING_CATALOGS = YES;
				MTL_ENABLE_DEBUG_INFO = NO;
				MTL_FAST_MATH = YES;
				SDKROOT = iphoneos;
				SWIFT_COMPILATION_MODE = wholemodule;
				VALIDATE_PRODUCT = YES;
			};
			name = Release;
		};
		BB0E92FB2E1C158E00606FAC /* Debug */ = {
			isa = XCBuildConfiguration;
			buildSettings = {
				ASSETCATALOG_COMPILER_APPICON_NAME = AppIcon;
				ASSETCATALOG_COMPILER_GLOBAL_ACCENT_COLOR_NAME = AccentColor;
				ASSETCATALOG_COMPILER_SKIP_APP_STORE_DEPLOYMENT = YES;
				CODE_SIGN_STYLE = Automatic;
				CURRENT_PROJECT_VERSION = 3;
				DEVELOPMENT_TEAM = Z65K66NG9F;
				ENABLE_PREVIEWS = YES;
				ENABLE_RESOURCE_ACCESS_CAMERA = YES;
				GENERATE_INFOPLIST_FILE = YES;
				INFOPLIST_KEY_LSApplicationCategoryType = "";
				INFOPLIST_KEY_NSCameraUsageDescription = "This app uses the camera to monitor for changes in the live video feed and highlight them with circles and numbers.";
				INFOPLIST_KEY_NSPhotoLibraryAddUsageDescription = "This app saves target images with detected changes to your photo library.";
				INFOPLIST_KEY_UIApplicationSceneManifest_Generation = YES;
				INFOPLIST_KEY_UIApplicationSupportsIndirectInputEvents = YES;
				INFOPLIST_KEY_UILaunchScreen_Generation = YES;
				INFOPLIST_KEY_UISupportedInterfaceOrientations_iPad = "UIInterfaceOrientationPortrait UIInterfaceOrientationPortraitUpsideDown UIInterfaceOrientationLandscapeLeft UIInterfaceOrientationLandscapeRight";
				INFOPLIST_KEY_UISupportedInterfaceOrientations_iPhone = "UIInterfaceOrientationPortrait UIInterfaceOrientationLandscapeLeft UIInterfaceOrientationLandscapeRight";
				LD_RUNPATH_SEARCH_PATHS = (
					"$(inherited)",
					"@executable_path/Frameworks",
				);
				MARKETING_VERSION = 0.94;
				PRODUCT_BUNDLE_IDENTIFIER = "com.bceassociates.Live-Target";
				PRODUCT_NAME = "$(TARGET_NAME)";
				SWIFT_EMIT_LOC_STRINGS = YES;
				SWIFT_VERSION = 5.0;
				TARGETED_DEVICE_FAMILY = "1,2";
			};
			name = Debug;
		};
		BB0E92FC2E1C158E00606FAC /* Release */ = {
			isa = XCBuildConfiguration;
			buildSettings = {
				ASSETCATALOG_COMPILER_APPICON_NAME = AppIcon;
				ASSETCATALOG_COMPILER_GLOBAL_ACCENT_COLOR_NAME = AccentColor;
				ASSETCATALOG_COMPILER_SKIP_APP_STORE_DEPLOYMENT = YES;
				CODE_SIGN_STYLE = Automatic;
				CURRENT_PROJECT_VERSION = 3;
				DEVELOPMENT_TEAM = Z65K66NG9F;
				ENABLE_PREVIEWS = YES;
				ENABLE_RESOURCE_ACCESS_CAMERA = YES;
				GENERATE_INFOPLIST_FILE = YES;
				INFOPLIST_KEY_LSApplicationCategoryType = "";
				INFOPLIST_KEY_NSCameraUsageDescription = "This app uses the camera to monitor for changes in the live video feed and highlight them with circles and numbers.";
				INFOPLIST_KEY_NSPhotoLibraryAddUsageDescription = "This app saves target images with detected changes to your photo library.";
				INFOPLIST_KEY_UIApplicationSceneManifest_Generation = YES;
				INFOPLIST_KEY_UIApplicationSupportsIndirectInputEvents = YES;
				INFOPLIST_KEY_UILaunchScreen_Generation = YES;
				INFOPLIST_KEY_UISupportedInterfaceOrientations_iPad = "UIInterfaceOrientationPortrait UIInterfaceOrientationPortraitUpsideDown UIInterfaceOrientationLandscapeLeft UIInterfaceOrientationLandscapeRight";
				INFOPLIST_KEY_UISupportedInterfaceOrientations_iPhone = "UIInterfaceOrientationPortrait UIInterfaceOrientationLandscapeLeft UIInterfaceOrientationLandscapeRight";
				LD_RUNPATH_SEARCH_PATHS = (
					"$(inherited)",
					"@executable_path/Frameworks",
				);
				MARKETING_VERSION = 0.94;
				PRODUCT_BUNDLE_IDENTIFIER = "com.bceassociates.Live-Target";
				PRODUCT_NAME = "$(TARGET_NAME)";
				SWIFT_EMIT_LOC_STRINGS = YES;
				SWIFT_VERSION = 5.0;
				TARGETED_DEVICE_FAMILY = "1,2";
			};
			name = Release;
		};
		BB0E92FE2E1C158E00606FAC /* Debug */ = {
			isa = XCBuildConfiguration;
			buildSettings = {
				BUNDLE_LOADER = "$(TEST_HOST)";
				CODE_SIGN_STYLE = Automatic;
				CURRENT_PROJECT_VERSION = 3;
				DEVELOPMENT_TEAM = Z65K66NG9F;
				GENERATE_INFOPLIST_FILE = YES;
				IPHONEOS_DEPLOYMENT_TARGET = 18.5;
				MARKETING_VERSION = 0.94;
				PRODUCT_BUNDLE_IDENTIFIER = "com.bceassociates.Live-TargetTests";
				PRODUCT_NAME = "$(TARGET_NAME)";
				SWIFT_EMIT_LOC_STRINGS = NO;
				SWIFT_VERSION = 5.0;
				TARGETED_DEVICE_FAMILY = "1,2";
				TEST_HOST = "$(BUILT_PRODUCTS_DIR)/Live Target.app/$(BUNDLE_EXECUTABLE_FOLDER_PATH)/Live Target";
			};
			name = Debug;
		};
		BB0E92FF2E1C158E00606FAC /* Release */ = {
			isa = XCBuildConfiguration;
			buildSettings = {
				BUNDLE_LOADER = "$(TEST_HOST)";
				CODE_SIGN_STYLE = Automatic;
				CURRENT_PROJECT_VERSION = 3;
				DEVELOPMENT_TEAM = Z65K66NG9F;
				GENERATE_INFOPLIST_FILE = YES;
				IPHONEOS_DEPLOYMENT_TARGET = 18.5;
				MARKETING_VERSION = 0.94;
				PRODUCT_BUNDLE_IDENTIFIER = "com.bceassociates.Live-TargetTests";
				PRODUCT_NAME = "$(TARGET_NAME)";
				SWIFT_EMIT_LOC_STRINGS = NO;
				SWIFT_VERSION = 5.0;
				TARGETED_DEVICE_FAMILY = "1,2";
				TEST_HOST = "$(BUILT_PRODUCTS_DIR)/Live Target.app/$(BUNDLE_EXECUTABLE_FOLDER_PATH)/Live Target";
			};
			name = Release;
		};
		BB0E93012E1C158E00606FAC /* Debug */ = {
			isa = XCBuildConfiguration;
			buildSettings = {
				CODE_SIGN_STYLE = Automatic;
				CURRENT_PROJECT_VERSION = 3;
				DEVELOPMENT_TEAM = Z65K66NG9F;
				GENERATE_INFOPLIST_FILE = YES;
				MARKETING_VERSION = 0.94;
				PRODUCT_BUNDLE_IDENTIFIER = "com.bceassociates.Live-TargetUITests";
				PRODUCT_NAME = "$(TARGET_NAME)";
				SWIFT_EMIT_LOC_STRINGS = NO;
				SWIFT_VERSION = 5.0;
				TARGETED_DEVICE_FAMILY = "1,2";
				TEST_TARGET_NAME = "Live Target";
			};
			name = Debug;
		};
		BB0E93022E1C158E00606FAC /* Release */ = {
			isa = XCBuildConfiguration;
			buildSettings = {
				CODE_SIGN_STYLE = Automatic;
				CURRENT_PROJECT_VERSION = 3;
				DEVELOPMENT_TEAM = Z65K66NG9F;
				GENERATE_INFOPLIST_FILE = YES;
				MARKETING_VERSION = 0.94;
				PRODUCT_BUNDLE_IDENTIFIER = "com.bceassociates.Live-TargetUITests";
				PRODUCT_NAME = "$(TARGET_NAME)";
				SWIFT_EMIT_LOC_STRINGS = NO;
				SWIFT_VERSION = 5.0;
				TARGETED_DEVICE_FAMILY = "1,2";
				TEST_TARGET_NAME = "Live Target";
			};
			name = Release;
		};
		BBB3372A2E1D683700A0E0F0 /* Debug */ = {
			isa = XCBuildConfiguration;
			buildSettings = {
				ASSETCATALOG_COMPILER_APPICON_NAME = AppIcon;
				ASSETCATALOG_COMPILER_GLOBAL_ACCENT_COLOR_NAME = AccentColor;
				ASSETCATALOG_COMPILER_SKIP_APP_STORE_DEPLOYMENT = YES;
				CODE_SIGN_STYLE = Automatic;
				CURRENT_PROJECT_VERSION = 3;
				DEVELOPMENT_TEAM = Z65K66NG9F;
				ENABLE_PREVIEWS = YES;
				GENERATE_INFOPLIST_FILE = YES;
				INFOPLIST_KEY_CFBundleDisplayName = "Live Target";
				INFOPLIST_KEY_UISupportedInterfaceOrientations = "UIInterfaceOrientationPortrait UIInterfaceOrientationPortraitUpsideDown";
				INFOPLIST_KEY_WKCompanionAppBundleIdentifier = "com.bceassociates.Live-Target";
				LD_RUNPATH_SEARCH_PATHS = (
					"$(inherited)",
					"@executable_path/Frameworks",
				);
				MARKETING_VERSION = 0.94;
				PRODUCT_BUNDLE_IDENTIFIER = "com.bceassociates.Live-Target.watchkitapp";
				PRODUCT_NAME = "$(TARGET_NAME)";
				SDKROOT = watchos;
				SKIP_INSTALL = YES;
				SWIFT_EMIT_LOC_STRINGS = YES;
				SWIFT_VERSION = 5.0;
				TARGETED_DEVICE_FAMILY = 4;
				WATCHOS_DEPLOYMENT_TARGET = 8.0;
			};
			name = Debug;
		};
		BBB3372B2E1D683700A0E0F0 /* Release */ = {
			isa = XCBuildConfiguration;
			buildSettings = {
				ASSETCATALOG_COMPILER_APPICON_NAME = AppIcon;
				ASSETCATALOG_COMPILER_GLOBAL_ACCENT_COLOR_NAME = AccentColor;
				ASSETCATALOG_COMPILER_SKIP_APP_STORE_DEPLOYMENT = YES;
				CODE_SIGN_STYLE = Automatic;
				CURRENT_PROJECT_VERSION = 3;
				DEVELOPMENT_TEAM = Z65K66NG9F;
				ENABLE_PREVIEWS = YES;
				GENERATE_INFOPLIST_FILE = YES;
				INFOPLIST_KEY_CFBundleDisplayName = "Live Target";
				INFOPLIST_KEY_UISupportedInterfaceOrientations = "UIInterfaceOrientationPortrait UIInterfaceOrientationPortraitUpsideDown";
				INFOPLIST_KEY_WKCompanionAppBundleIdentifier = "com.bceassociates.Live-Target";
				LD_RUNPATH_SEARCH_PATHS = (
					"$(inherited)",
					"@executable_path/Frameworks",
				);
				MARKETING_VERSION = 0.94;
				PRODUCT_BUNDLE_IDENTIFIER = "com.bceassociates.Live-Target.watchkitapp";
				PRODUCT_NAME = "$(TARGET_NAME)";
				SDKROOT = watchos;
				SKIP_INSTALL = YES;
				SWIFT_EMIT_LOC_STRINGS = YES;
				SWIFT_VERSION = 5.0;
				TARGETED_DEVICE_FAMILY = 4;
				WATCHOS_DEPLOYMENT_TARGET = 8.0;
			};
			name = Release;
		};
		BBB3372E2E1D683700A0E0F0 /* Debug */ = {
			isa = XCBuildConfiguration;
			buildSettings = {
				BUNDLE_LOADER = "$(TEST_HOST)";
				CODE_SIGN_STYLE = Automatic;
				CURRENT_PROJECT_VERSION = 3;
				DEVELOPMENT_TEAM = Z65K66NG9F;
				GENERATE_INFOPLIST_FILE = YES;
				MARKETING_VERSION = 0.94;
				PRODUCT_BUNDLE_IDENTIFIER = "com.bceassociates.Live-Target-Watch-App-Watch-AppTests";
				PRODUCT_NAME = "$(TARGET_NAME)";
				SDKROOT = watchos;
				SWIFT_EMIT_LOC_STRINGS = NO;
				SWIFT_VERSION = 5.0;
				TARGETED_DEVICE_FAMILY = 4;
				TEST_HOST = "$(BUILT_PRODUCTS_DIR)/Live Target Watch App Watch App.app/$(BUNDLE_EXECUTABLE_FOLDER_PATH)/Live Target Watch App Watch App";
				WATCHOS_DEPLOYMENT_TARGET = 8.0;
			};
			name = Debug;
		};
		BBB3372F2E1D683700A0E0F0 /* Release */ = {
			isa = XCBuildConfiguration;
			buildSettings = {
				BUNDLE_LOADER = "$(TEST_HOST)";
				CODE_SIGN_STYLE = Automatic;
				CURRENT_PROJECT_VERSION = 3;
				DEVELOPMENT_TEAM = Z65K66NG9F;
				GENERATE_INFOPLIST_FILE = YES;
				MARKETING_VERSION = 0.94;
				PRODUCT_BUNDLE_IDENTIFIER = "com.bceassociates.Live-Target-Watch-App-Watch-AppTests";
				PRODUCT_NAME = "$(TARGET_NAME)";
				SDKROOT = watchos;
				SWIFT_EMIT_LOC_STRINGS = NO;
				SWIFT_VERSION = 5.0;
				TARGETED_DEVICE_FAMILY = 4;
				TEST_HOST = "$(BUILT_PRODUCTS_DIR)/Live Target Watch App Watch App.app/$(BUNDLE_EXECUTABLE_FOLDER_PATH)/Live Target Watch App Watch App";
				WATCHOS_DEPLOYMENT_TARGET = 8.0;
			};
			name = Release;
		};
		BBB337312E1D683700A0E0F0 /* Debug */ = {
			isa = XCBuildConfiguration;
			buildSettings = {
				CODE_SIGN_STYLE = Automatic;
				CURRENT_PROJECT_VERSION = 3;
				DEVELOPMENT_TEAM = Z65K66NG9F;
				GENERATE_INFOPLIST_FILE = YES;
				MARKETING_VERSION = 0.94;
				PRODUCT_BUNDLE_IDENTIFIER = "com.bceassociates.Live-Target-Watch-App-Watch-AppUITests";
				PRODUCT_NAME = "$(TARGET_NAME)";
				SDKROOT = watchos;
				SWIFT_EMIT_LOC_STRINGS = NO;
				SWIFT_VERSION = 5.0;
				TARGETED_DEVICE_FAMILY = 4;
				TEST_TARGET_NAME = "Live Target Watch App Watch App";
				WATCHOS_DEPLOYMENT_TARGET = 8.0;
			};
			name = Debug;
		};
		BBB337322E1D683700A0E0F0 /* Release */ = {
			isa = XCBuildConfiguration;
			buildSettings = {
				CODE_SIGN_STYLE = Automatic;
				CURRENT_PROJECT_VERSION = 3;
				DEVELOPMENT_TEAM = Z65K66NG9F;
				GENERATE_INFOPLIST_FILE = YES;
				MARKETING_VERSION = 0.94;
				PRODUCT_BUNDLE_IDENTIFIER = "com.bceassociates.Live-Target-Watch-App-Watch-AppUITests";
				PRODUCT_NAME = "$(TARGET_NAME)";
				SDKROOT = watchos;
				SWIFT_EMIT_LOC_STRINGS = NO;
				SWIFT_VERSION = 5.0;
				TARGETED_DEVICE_FAMILY = 4;
				TEST_TARGET_NAME = "Live Target Watch App Watch App";
				WATCHOS_DEPLOYMENT_TARGET = 8.0;
			};
			name = Release;
		};
/* End XCBuildConfiguration section */

/* Begin XCConfigurationList section */
		BB0E92D22E1C158C00606FAC /* Build configuration list for PBXProject "Live Target" */ = {
			isa = XCConfigurationList;
			buildConfigurations = (
				BB0E92F82E1C158E00606FAC /* Debug */,
				BB0E92F92E1C158E00606FAC /* Release */,
			);
			defaultConfigurationIsVisible = 0;
			defaultConfigurationName = Release;
		};
		BB0E92FA2E1C158E00606FAC /* Build configuration list for PBXNativeTarget "Live Target" */ = {
			isa = XCConfigurationList;
			buildConfigurations = (
				BB0E92FB2E1C158E00606FAC /* Debug */,
				BB0E92FC2E1C158E00606FAC /* Release */,
			);
			defaultConfigurationIsVisible = 0;
			defaultConfigurationName = Release;
		};
		BB0E92FD2E1C158E00606FAC /* Build configuration list for PBXNativeTarget "Live TargetTests" */ = {
			isa = XCConfigurationList;
			buildConfigurations = (
				BB0E92FE2E1C158E00606FAC /* Debug */,
				BB0E92FF2E1C158E00606FAC /* Release */,
			);
			defaultConfigurationIsVisible = 0;
			defaultConfigurationName = Release;
		};
		BB0E93002E1C158E00606FAC /* Build configuration list for PBXNativeTarget "Live TargetUITests" */ = {
			isa = XCConfigurationList;
			buildConfigurations = (
				BB0E93012E1C158E00606FAC /* Debug */,
				BB0E93022E1C158E00606FAC /* Release */,
			);
			defaultConfigurationIsVisible = 0;
			defaultConfigurationName = Release;
		};
		BBB337292E1D683700A0E0F0 /* Build configuration list for PBXNativeTarget "Live Target Watch App Watch App" */ = {
			isa = XCConfigurationList;
			buildConfigurations = (
				BBB3372A2E1D683700A0E0F0 /* Debug */,
				BBB3372B2E1D683700A0E0F0 /* Release */,
			);
			defaultConfigurationIsVisible = 0;
			defaultConfigurationName = Release;
		};
		BBB3372D2E1D683700A0E0F0 /* Build configuration list for PBXNativeTarget "Live Target Watch App Watch AppTests" */ = {
			isa = XCConfigurationList;
			buildConfigurations = (
				BBB3372E2E1D683700A0E0F0 /* Debug */,
				BBB3372F2E1D683700A0E0F0 /* Release */,
			);
			defaultConfigurationIsVisible = 0;
			defaultConfigurationName = Release;
		};
		BBB337302E1D683700A0E0F0 /* Build configuration list for PBXNativeTarget "Live Target Watch App Watch AppUITests" */ = {
			isa = XCConfigurationList;
			buildConfigurations = (
				BBB337312E1D683700A0E0F0 /* Debug */,
				BBB337322E1D683700A0E0F0 /* Release */,
			);
			defaultConfigurationIsVisible = 0;
			defaultConfigurationName = Release;
		};
/* End XCConfigurationList section */
	};
	rootObject = BB0E92CF2E1C158C00606FAC /* Project object */;
}
